
Microsoft Visual Studio Solution File, Format Version 12.00
# Visual Studio Version 17
VisualStudioVersion = 17.5.2.0
MinimumVisualStudioVersion = 10.0.40219.1
Project("{2150E333-8FDC-42A3-9474-1A3956D46DE8}") = "01Factorial de un número", "01Factorial de un número", "{17EC299A-4192-E441-8EC8-C2C7A26346ED}"
EndProject
Project("{FAE04EC0-301F-11D3-BF4B-00C04F79EFBC}") = "01Factorialdeunnúmero", "01Factorial de un número\01Factorialdeunnúmero\01Factorialdeunnúmero.csproj", "{872E0311-3DDA-0FCB-EE2A-63D16298ED96}"
EndProject
Global
	GlobalSection(SolutionConfigurationPlatforms) = preSolution
		Debug|Any CPU = Debug|Any CPU
		Release|Any CPU = Release|Any CPU
	EndGlobalSection
	GlobalSection(ProjectConfigurationPlatforms) = postSolution
		{872E0311-3DDA-0FCB-EE2A-63D16298ED96}.Debug|Any CPU.ActiveCfg = Debug|Any CPU
		{872E0311-3DDA-0FCB-EE2A-63D16298ED96}.Debug|Any CPU.Build.0 = Debug|Any CPU
		{872E0311-3DDA-0FCB-EE2A-63D16298ED96}.Release|Any CPU.ActiveCfg = Release|Any CPU
		{872E0311-3DDA-0FCB-EE2A-63D16298ED96}.Release|Any CPU.Build.0 = Release|Any CPU
	EndGlobalSection
	GlobalSection(SolutionProperties) = preSolution
		HideSolutionNode = FALSE
	EndGlobalSection
	GlobalSection(NestedProjects) = preSolution
		{872E0311-3DDA-0FCB-EE2A-63D16298ED96} = {17EC299A-4192-E441-8EC8-C2C7A26346ED}
	EndGlobalSection
	GlobalSection(ExtensibilityGlobals) = postSolution
		SolutionGuid = {344C86A2-FE78-4DA2-82EE-AEECE503A852}
	EndGlobalSection
EndGlobal
