Microsoft Visual Studio Solution File, Format Version 12.00
# Visual Studio Version 17
VisualStudioVersion = 17.5.2.0
MinimumVisualStudioVersion = 10.0.40219.1
Project("{FAE04EC0-301F-11D3-BF4B-00C04F79EFBC}") = "ej1-factorial-numero", "ej1-factorial-numero\ej1-factorial-numero.csproj", "{FAABC598-3442-06F7-0F3D-4F8CFDE8A118}"
EndProject
Global
	GlobalSection(SolutionConfigurationPlatforms) = preSolution
		Debug|Any CPU = Debug|Any CPU
		Release|Any CPU = Release|Any CPU
	EndGlobalSection
	GlobalSection(ProjectConfigurationPlatforms) = postSolution
		{FAABC598-3442-06F7-0F3D-4F8CFDE8A118}.Debug|Any CPU.ActiveCfg = Debug|Any CPU
		{FAABC598-3442-06F7-0F3D-4F8CFDE8A118}.Debug|Any CPU.Build.0 = Debug|Any CPU
		{FAABC598-3442-06F7-0F3D-4F8CFDE8A118}.Release|Any CPU.ActiveCfg = Release|Any CPU
		{FAABC598-3442-06F7-0F3D-4F8CFDE8A118}.Release|Any CPU.Build.0 = Release|Any CPU
	EndGlobalSection
	GlobalSection(SolutionProperties) = preSolution
		HideSolutionNode = FALSE
	EndGlobalSection
	GlobalSection(ExtensibilityGlobals) = postSolution
		SolutionGuid = {3C248877-878E-4E08-A5E8-18A7313CBB72}
	EndGlobalSection
EndGlobal
