Microsoft Visual Studio Solution File, Format Version 12.00
# Visual Studio Version 17
VisualStudioVersion = 17.5.2.0
MinimumVisualStudioVersion = 10.0.40219.1
Project("{FAE04EC0-301F-11D3-BF4B-00C04F79EFBC}") = "ejer", "ejer\ejer.csproj", "{9C2D4B8C-88BE-9035-9086-4E7CD235C624}"
EndProject
Global
	GlobalSection(SolutionConfigurationPlatforms) = preSolution
		Debug|Any CPU = Debug|Any CPU
		Release|Any CPU = Release|Any CPU
	EndGlobalSection
	GlobalSection(ProjectConfigurationPlatforms) = postSolution
		{9C2D4B8C-88BE-9035-9086-4E7CD235C624}.Debug|Any CPU.ActiveCfg = Debug|Any CPU
		{9C2D4B8C-88BE-9035-9086-4E7CD235C624}.Debug|Any CPU.Build.0 = Debug|Any CPU
		{9C2D4B8C-88BE-9035-9086-4E7CD235C624}.Release|Any CPU.ActiveCfg = Release|Any CPU
		{9C2D4B8C-88BE-9035-9086-4E7CD235C624}.Release|Any CPU.Build.0 = Release|Any CPU
	EndGlobalSection
	GlobalSection(SolutionProperties) = preSolution
		HideSolutionNode = FALSE
	EndGlobalSection
	GlobalSection(ExtensibilityGlobals) = postSolution
		SolutionGuid = {DFDDD92E-FB3E-42A6-88A7-6C9215624A46}
	EndGlobalSection
EndGlobal
