Microsoft Visual Studio Solution File, Format Version 12.00
# Visual Studio Version 17
VisualStudioVersion = 17.5.2.0
MinimumVisualStudioVersion = 10.0.40219.1
Project("{2150E333-8FDC-42A3-9474-1A3956D46DE8}") = "Practica8", "Practica8", "{77D5F225-2AC3-117B-AFF2-1C34C72DF145}"
EndProject
Project("{FAE04EC0-301F-11D3-BF4B-00C04F79EFBC}") = "ListaSimple", "Practica8\ListaSimple\ListaSimple.csproj", "{54AA7D2F-B508-8574-8534-F130820966F4}"
EndProject
Global
	GlobalSection(SolutionConfigurationPlatforms) = preSolution
		Debug|Any CPU = Debug|Any CPU
		Release|Any CPU = Release|Any CPU
	EndGlobalSection
	GlobalSection(ProjectConfigurationPlatforms) = postSolution
		{54AA7D2F-B508-8574-8534-F130820966F4}.Debug|Any CPU.ActiveCfg = Debug|Any CPU
		{54AA7D2F-B508-8574-8534-F130820966F4}.Debug|Any CPU.Build.0 = Debug|Any CPU
		{54AA7D2F-B508-8574-8534-F130820966F4}.Release|Any CPU.ActiveCfg = Release|Any CPU
		{54AA7D2F-B508-8574-8534-F130820966F4}.Release|Any CPU.Build.0 = Release|Any CPU
	EndGlobalSection
	GlobalSection(SolutionProperties) = preSolution
		HideSolutionNode = FALSE
	EndGlobalSection
	GlobalSection(NestedProjects) = preSolution
		{54AA7D2F-B508-8574-8534-F130820966F4} = {77D5F225-2AC3-117B-AFF2-1C34C72DF145}
	EndGlobalSection
	GlobalSection(ExtensibilityGlobals) = postSolution
		SolutionGuid = {2BAF8431-EEA9-4419-BBD4-564FE375D797}
	EndGlobalSection
EndGlobal
