Microsoft Visual Studio Solution File, Format Version 12.00
# Visual Studio Version 17
VisualStudioVersion = 17.5.2.0
MinimumVisualStudioVersion = 10.0.40219.1
Project("{FAE04EC0-301F-11D3-BF4B-00C04F79EFBC}") = "CalculadoraCientifica", "CalculadoraCientifica\CalculadoraCientifica.csproj", "{D5A737A3-66B4-6C98-CB69-349E4217D8DF}"
EndProject
Global
	GlobalSection(SolutionConfigurationPlatforms) = preSolution
		Debug|Any CPU = Debug|Any CPU
		Release|Any CPU = Release|Any CPU
	EndGlobalSection
	GlobalSection(ProjectConfigurationPlatforms) = postSolution
		{D5A737A3-66B4-6C98-CB69-349E4217D8DF}.Debug|Any CPU.ActiveCfg = Debug|Any CPU
		{D5A737A3-66B4-6C98-CB69-349E4217D8DF}.Debug|Any CPU.Build.0 = Debug|Any CPU
		{D5A737A3-66B4-6C98-CB69-349E4217D8DF}.Release|Any CPU.ActiveCfg = Release|Any CPU
		{D5A737A3-66B4-6C98-CB69-349E4217D8DF}.Release|Any CPU.Build.0 = Release|Any CPU
	EndGlobalSection
	GlobalSection(SolutionProperties) = preSolution
		HideSolutionNode = FALSE
	EndGlobalSection
	GlobalSection(ExtensibilityGlobals) = postSolution
		SolutionGuid = {7E4FCACB-B7C3-48D1-B577-6583942628F9}
	EndGlobalSection
EndGlobal
